
Microsoft Visual Studio Solution File, Format Version 12.00
# Visual Studio Version 17
VisualStudioVersion = 17.0.31919.166
MinimumVisualStudioVersion = 10.0.40219.1
Project("{FAE04EC0-301F-11D3-BF4B-00C04F79EFBC}") = "printapp2", "printapp2\printapp2.csproj", "{8EE4042F-211C-426E-A0ED-22FBD95E6EF9}"
EndProject
Global
	GlobalSection(SolutionConfigurationPlatforms) = preSolution
		Debug|Any CPU = Debug|Any CPU
		Release|Any CPU = Release|Any CPU
	EndGlobalSection
	GlobalSection(ProjectConfigurationPlatforms) = postSolution
		{8EE4042F-211C-426E-A0ED-22FBD95E6EF9}.Debug|Any CPU.ActiveCfg = Debug|Any CPU
		{8EE4042F-211C-426E-A0ED-22FBD95E6EF9}.Debug|Any CPU.Build.0 = Debug|Any CPU
		{8EE4042F-211C-426E-A0ED-22FBD95E6EF9}.Release|Any CPU.ActiveCfg = Release|Any CPU
		{8EE4042F-211C-426E-A0ED-22FBD95E6EF9}.Release|Any CPU.Build.0 = Release|Any CPU
	EndGlobalSection
	GlobalSection(SolutionProperties) = preSolution
		HideSolutionNode = FALSE
	EndGlobalSection
	GlobalSection(ExtensibilityGlobals) = postSolution
		SolutionGuid = {02B74984-7DA7-4A94-B4B3-8492507E55B7}
	EndGlobalSection
EndGlobal
